{
  "name": "lockfile-npm",
  "lockfileVersion": 3,
  "requires": true,
  "packages": {
    "": {
      "name": "lockfile-npm",
      "dependencies": {
        "alpha": "1.2.3"
      }
    },
    "node_modules/alpha": {
      "version": "1.2.3",
      "resolved": "https://registry.example.test/alpha/-/alpha-1.2.3.tgz",
      "integrity": "sha512-alpha"
    }
  }
}
